PODS:
  - NXDrawKit (0.8.0)
  - RSKImageCropper (2.2.0)

DEPENDENCIES:
  - NXDrawKit (from `../`)
  - RSKImageCropper

SPEC REPOS:
  https://github.com/CocoaPods/Specs.git:
    - RSKImageCropper

EXTERNAL SOURCES:
  NXDrawKit:
    :path: "../"

SPEC CHECKSUMS:
  NXDrawKit: ef6e145f0cd2f235dbe36b795999dbdf3042f01a
  RSKImageCropper: bd0bdf765b27c046c89728d65075b363a3b665c2

PODFILE CHECKSUM: cd9595aab422fea21ec82324180f5c37ebf9342c

COCOAPODS: 1.8.3
